
Microsoft Visual Studio Solution File, Format Version 12.00
# Visual Studio Version 16
VisualStudioVersion = 16.0.30907.101
MinimumVisualStudioVersion = 10.0.40219.1
Project("{FAE04EC0-301F-11D3-BF4B-00C04F79EFBC}") = "assignment 11 car", "assignment 11 car\assignment 11 car.csproj", "{1EF019BE-0E68-47FA-9A3F-C4E91AF8200B}"
EndProject
Global
	GlobalSection(SolutionConfigurationPlatforms) = preSolution
		Debug|Any CPU = Debug|Any CPU
		Release|Any CPU = Release|Any CPU
	EndGlobalSection
	GlobalSection(ProjectConfigurationPlatforms) = postSolution
		{1EF019BE-0E68-47FA-9A3F-C4E91AF8200B}.Debug|Any CPU.ActiveCfg = Debug|Any CPU
		{1EF019BE-0E68-47FA-9A3F-C4E91AF8200B}.Debug|Any CPU.Build.0 = Debug|Any CPU
		{1EF019BE-0E68-47FA-9A3F-C4E91AF8200B}.Release|Any CPU.ActiveCfg = Release|Any CPU
		{1EF019BE-0E68-47FA-9A3F-C4E91AF8200B}.Release|Any CPU.Build.0 = Release|Any CPU
	EndGlobalSection
	GlobalSection(SolutionProperties) = preSolution
		HideSolutionNode = FALSE
	EndGlobalSection
	GlobalSection(ExtensibilityGlobals) = postSolution
		SolutionGuid = {3CBE3AB1-30B4-492D-851C-BA2DB13667CC}
	EndGlobalSection
EndGlobal
